
Microsoft Visual Studio Solution File, Format Version 12.00
# Visual Studio Version 17
VisualStudioVersion = 17.7.34018.315
MinimumVisualStudioVersion = 10.0.40219.1
Project("{FAE04EC0-301F-11D3-BF4B-00C04F79EFBC}") = "Exercise 8", "Exercise 8\Exercise 8.csproj", "{58393616-B1F8-4F96-BFFF-532E478A7035}"
EndProject
Global
	GlobalSection(SolutionConfigurationPlatforms) = preSolution
		Debug|Any CPU = Debug|Any CPU
		Release|Any CPU = Release|Any CPU
	EndGlobalSection
	GlobalSection(ProjectConfigurationPlatforms) = postSolution
		{58393616-B1F8-4F96-BFFF-532E478A7035}.Debug|Any CPU.ActiveCfg = Debug|Any CPU
		{58393616-B1F8-4F96-BFFF-532E478A7035}.Debug|Any CPU.Build.0 = Debug|Any CPU
		{58393616-B1F8-4F96-BFFF-532E478A7035}.Release|Any CPU.ActiveCfg = Release|Any CPU
		{58393616-B1F8-4F96-BFFF-532E478A7035}.Release|Any CPU.Build.0 = Release|Any CPU
	EndGlobalSection
	GlobalSection(SolutionProperties) = preSolution
		HideSolutionNode = FALSE
	EndGlobalSection
	GlobalSection(ExtensibilityGlobals) = postSolution
		SolutionGuid = {CD50FBF2-2329-42CE-9802-A56C101D36D4}
	EndGlobalSection
EndGlobal
